
Microsoft Visual Studio Solution File, Format Version 12.00
# Visual Studio Version 17
VisualStudioVersion = 17.7.34202.233
MinimumVisualStudioVersion = 10.0.40219.1
Project("{FAE04EC0-301F-11D3-BF4B-00C04F79EFBC}") = "practica 5, ejercicio 3 U3", "practica 5, ejercicio 3 U3.csproj", "{7CABF238-A5AC-4A1E-8A03-E2C14128EF25}"
EndProject
Global
	GlobalSection(SolutionConfigurationPlatforms) = preSolution
		Debug|Any CPU = Debug|Any CPU
		Release|Any CPU = Release|Any CPU
	EndGlobalSection
	GlobalSection(ProjectConfigurationPlatforms) = postSolution
		{7CABF238-A5AC-4A1E-8A03-E2C14128EF25}.Debug|Any CPU.ActiveCfg = Debug|Any CPU
		{7CABF238-A5AC-4A1E-8A03-E2C14128EF25}.Debug|Any CPU.Build.0 = Debug|Any CPU
		{7CABF238-A5AC-4A1E-8A03-E2C14128EF25}.Release|Any CPU.ActiveCfg = Release|Any CPU
		{7CABF238-A5AC-4A1E-8A03-E2C14128EF25}.Release|Any CPU.Build.0 = Release|Any CPU
	EndGlobalSection
	GlobalSection(SolutionProperties) = preSolution
		HideSolutionNode = FALSE
	EndGlobalSection
	GlobalSection(ExtensibilityGlobals) = postSolution
		SolutionGuid = {2BD02A69-D42C-4253-925C-F2A7957A5130}
	EndGlobalSection
EndGlobal
